
Microsoft Visual Studio Solution File, Format Version 12.00
# Visual Studio Version 17
VisualStudioVersion = 17.10.35027.167
MinimumVisualStudioVersion = 10.0.40219.1
Project("{9A19103F-16F7-4668-BE54-9A1E7A4F7556}") = "MintPlayer.SlingBot.Demo", "MintPlayer.SlingBot.Demo\MintPlayer.SlingBot.Demo.csproj", "{B2B72390-00DC-4F54-BFA5-C9B41F7D306B}"
EndProject
Project("{9A19103F-16F7-4668-BE54-9A1E7A4F7556}") = "MintPlayer.SlingBot", "MintPlayer.SlingBot\MintPlayer.SlingBot.csproj", "{C41B7DBA-AAC8-4662-B953-54EBED0CBC00}"
EndProject
Project("{9A19103F-16F7-4668-BE54-9A1E7A4F7556}") = "MintPlayer.SlingBot.Abstractions", "MintPlayer.SlingBot.Abstractions\MintPlayer.SlingBot.Abstractions.csproj", "{61B13378-B4CA-4B4D-A0B6-2573A6F0F857}"
EndProject
Project("{9A19103F-16F7-4668-BE54-9A1E7A4F7556}") = "MintPlayer.Dotnet.SocketExtensions", "MintPlayer.Dotnet.SocketExtensions\MintPlayer.Dotnet.SocketExtensions.csproj", "{8C57B57F-2712-4694-86B6-95814B52EDDB}"
EndProject
Project("{9A19103F-16F7-4668-BE54-9A1E7A4F7556}") = "MintPlayer.DiffParser", "MintPlayer.DiffParser\MintPlayer.DiffParser.csproj", "{277A500E-E5D0-4434-9107-836ABAF145C6}"
EndProject
Project("{9A19103F-16F7-4668-BE54-9A1E7A4F7556}") = "MintPlayer.DiffParser.Data", "MintPlayer.DiffParser.Data\MintPlayer.DiffParser.Data.csproj", "{45169E96-0436-4589-AABB-F470DF247581}"
EndProject
Project("{9A19103F-16F7-4668-BE54-9A1E7A4F7556}") = "MintPlayer.DiffParser.Abstractions", "MintPlayer.DiffParser.Abstractions\MintPlayer.DiffParser.Abstractions.csproj", "{92002F5E-08F2-4F1E-B8B1-253ED515DFD0}"
EndProject
Project("{FAE04EC0-301F-11D3-BF4B-00C04F79EFBC}") = "MintPlayer.DiffParser.Test", "MintPlayer.DiffParser.Test\MintPlayer.DiffParser.Test.csproj", "{949DCA11-C3E5-43C6-AF5A-C3AC1FBF072B}"
EndProject
Global
	GlobalSection(SolutionConfigurationPlatforms) = preSolution
		Debug|Any CPU = Debug|Any CPU
		Release|Any CPU = Release|Any CPU
	EndGlobalSection
	GlobalSection(ProjectConfigurationPlatforms) = postSolution
		{B2B72390-00DC-4F54-BFA5-C9B41F7D306B}.Debug|Any CPU.ActiveCfg = Debug|Any CPU
		{B2B72390-00DC-4F54-BFA5-C9B41F7D306B}.Debug|Any CPU.Build.0 = Debug|Any CPU
		{B2B72390-00DC-4F54-BFA5-C9B41F7D306B}.Release|Any CPU.ActiveCfg = Release|Any CPU
		{B2B72390-00DC-4F54-BFA5-C9B41F7D306B}.Release|Any CPU.Build.0 = Release|Any CPU
		{C41B7DBA-AAC8-4662-B953-54EBED0CBC00}.Debug|Any CPU.ActiveCfg = Debug|Any CPU
		{C41B7DBA-AAC8-4662-B953-54EBED0CBC00}.Debug|Any CPU.Build.0 = Debug|Any CPU
		{C41B7DBA-AAC8-4662-B953-54EBED0CBC00}.Release|Any CPU.ActiveCfg = Release|Any CPU
		{C41B7DBA-AAC8-4662-B953-54EBED0CBC00}.Release|Any CPU.Build.0 = Release|Any CPU
		{61B13378-B4CA-4B4D-A0B6-2573A6F0F857}.Debug|Any CPU.ActiveCfg = Debug|Any CPU
		{61B13378-B4CA-4B4D-A0B6-2573A6F0F857}.Debug|Any CPU.Build.0 = Debug|Any CPU
		{61B13378-B4CA-4B4D-A0B6-2573A6F0F857}.Release|Any CPU.ActiveCfg = Release|Any CPU
		{61B13378-B4CA-4B4D-A0B6-2573A6F0F857}.Release|Any CPU.Build.0 = Release|Any CPU
		{8C57B57F-2712-4694-86B6-95814B52EDDB}.Debug|Any CPU.ActiveCfg = Debug|Any CPU
		{8C57B57F-2712-4694-86B6-95814B52EDDB}.Debug|Any CPU.Build.0 = Debug|Any CPU
		{8C57B57F-2712-4694-86B6-95814B52EDDB}.Release|Any CPU.ActiveCfg = Release|Any CPU
		{8C57B57F-2712-4694-86B6-95814B52EDDB}.Release|Any CPU.Build.0 = Release|Any CPU
		{277A500E-E5D0-4434-9107-836ABAF145C6}.Debug|Any CPU.ActiveCfg = Debug|Any CPU
		{277A500E-E5D0-4434-9107-836ABAF145C6}.Debug|Any CPU.Build.0 = Debug|Any CPU
		{277A500E-E5D0-4434-9107-836ABAF145C6}.Release|Any CPU.ActiveCfg = Release|Any CPU
		{277A500E-E5D0-4434-9107-836ABAF145C6}.Release|Any CPU.Build.0 = Release|Any CPU
		{45169E96-0436-4589-AABB-F470DF247581}.Debug|Any CPU.ActiveCfg = Debug|Any CPU
		{45169E96-0436-4589-AABB-F470DF247581}.Debug|Any CPU.Build.0 = Debug|Any CPU
		{45169E96-0436-4589-AABB-F470DF247581}.Release|Any CPU.ActiveCfg = Release|Any CPU
		{45169E96-0436-4589-AABB-F470DF247581}.Release|Any CPU.Build.0 = Release|Any CPU
		{92002F5E-08F2-4F1E-B8B1-253ED515DFD0}.Debug|Any CPU.ActiveCfg = Debug|Any CPU
		{92002F5E-08F2-4F1E-B8B1-253ED515DFD0}.Debug|Any CPU.Build.0 = Debug|Any CPU
		{92002F5E-08F2-4F1E-B8B1-253ED515DFD0}.Release|Any CPU.ActiveCfg = Release|Any CPU
		{92002F5E-08F2-4F1E-B8B1-253ED515DFD0}.Release|Any CPU.Build.0 = Release|Any CPU
		{949DCA11-C3E5-43C6-AF5A-C3AC1FBF072B}.Debug|Any CPU.ActiveCfg = Debug|Any CPU
		{949DCA11-C3E5-43C6-AF5A-C3AC1FBF072B}.Debug|Any CPU.Build.0 = Debug|Any CPU
		{949DCA11-C3E5-43C6-AF5A-C3AC1FBF072B}.Release|Any CPU.ActiveCfg = Release|Any CPU
		{949DCA11-C3E5-43C6-AF5A-C3AC1FBF072B}.Release|Any CPU.Build.0 = Release|Any CPU
	EndGlobalSection
	GlobalSection(SolutionProperties) = preSolution
		HideSolutionNode = FALSE
	EndGlobalSection
	GlobalSection(ExtensibilityGlobals) = postSolution
		SolutionGuid = {B0E04887-2270-4BFA-B131-240A7AA05ED5}
	EndGlobalSection
EndGlobal
